
Microsoft Visual Studio Solution File, Format Version 12.00
# Visual Studio Version 17
VisualStudioVersion = 17.6.33815.320
MinimumVisualStudioVersion = 10.0.40219.1
Project("{9A19103F-16F7-4668-BE54-9A1E7A4F7556}") = "FichaRPG", "FichaRPG.csproj", "{4B89E74E-FA14-4F68-8D3C-768012DFA4F9}"
EndProject
Project("{2150E333-8FDC-42A3-9474-1A3956D46DE8}") = "Solution Items", "Solution Items", "{FC972564-67CF-4234-BF98-A6C97A6671DD}"
	ProjectSection(SolutionItems) = preProject
		..\.gitignore = ..\.gitignore
	EndProjectSection
EndProject
Global
	GlobalSection(SolutionConfigurationPlatforms) = preSolution
		Debug|Any CPU = Debug|Any CPU
		Release|Any CPU = Release|Any CPU
	EndGlobalSection
	GlobalSection(ProjectConfigurationPlatforms) = postSolution
		{4B89E74E-FA14-4F68-8D3C-768012DFA4F9}.Debug|Any CPU.ActiveCfg = Debug|Any CPU
		{4B89E74E-FA14-4F68-8D3C-768012DFA4F9}.Debug|Any CPU.Build.0 = Debug|Any CPU
		{4B89E74E-FA14-4F68-8D3C-768012DFA4F9}.Release|Any CPU.ActiveCfg = Release|Any CPU
		{4B89E74E-FA14-4F68-8D3C-768012DFA4F9}.Release|Any CPU.Build.0 = Release|Any CPU
	EndGlobalSection
	GlobalSection(SolutionProperties) = preSolution
		HideSolutionNode = FALSE
	EndGlobalSection
	GlobalSection(ExtensibilityGlobals) = postSolution
		SolutionGuid = {4B8DDC55-5ABC-4D22-901E-2BAB4DC76BC7}
	EndGlobalSection
EndGlobal
